// !$*UTF8*$!
{
	archiveVersion = 1;
	classes = {
	};
	objectVersion = 56;
	objects = {

/* Begin PBXBuildFile section */
		D86853FB294F516400BBDF46 /* AppDelegate.swift in Sources */ = {isa = PBXBuildFile; fileRef = D86853FA294F516400BBDF46 /* AppDelegate.swift */; };
		D86853FD294F516400BBDF46 /* SceneDelegate.swift in Sources */ = {isa = PBXBuildFile; fileRef = D86853FC294F516400BBDF46 /* SceneDelegate.swift */; };
		D8685404294F516500BBDF46 /* Assets.xcassets in Resources */ = {isa = PBXBuildFile; fileRef = D8685403294F516500BBDF46 /* Assets.xcassets */; };
		D8685407294F516500BBDF46 /* LaunchScreen.storyboard in Resources */ = {isa = PBXBuildFile; fileRef = D8685405294F516500BBDF46 /* LaunchScreen.storyboard */; };
		D8685412294F516500BBDF46 /* SpeedReaderTests.swift in Sources */ = {isa = PBXBuildFile; fileRef = D8685411294F516500BBDF46 /* SpeedReaderTests.swift */; };
		D868541C294F516500BBDF46 /* SpeedReaderUITests.swift in Sources */ = {isa = PBXBuildFile; fileRef = D868541B294F516500BBDF46 /* SpeedReaderUITests.swift */; };
		D868541E294F516500BBDF46 /* SpeedReaderUITestsLaunchTests.swift in Sources */ = {isa = PBXBuildFile; fileRef = D868541D294F516500BBDF46 /* SpeedReaderUITestsLaunchTests.swift */; };
		D895B45B2966F826005F228F /* MainViewPresenter.swift in Sources */ = {isa = PBXBuildFile; fileRef = D895B45A2966F826005F228F /* MainViewPresenter.swift */; };
		D895B4602966FE9D005F228F /* AssemblyBuilder.swift in Sources */ = {isa = PBXBuildFile; fileRef = D895B45F2966FE9D005F228F /* AssemblyBuilder.swift */; };
		D895B46329670062005F228F /* Router.swift in Sources */ = {isa = PBXBuildFile; fileRef = D895B46229670062005F228F /* Router.swift */; };
		D8D83DFD296330380095D4F9 /* MainViewController.swift in Sources */ = {isa = PBXBuildFile; fileRef = D8D83DFC296330380095D4F9 /* MainViewController.swift */; };
/* End PBXBuildFile section */

/* Begin PBXContainerItemProxy section */
		D868540E294F516500BBDF46 /* PBXContainerItemProxy */ = {
			isa = PBXContainerItemProxy;
			containerPortal = D86853EF294F516400BBDF46 /* Project object */;
			proxyType = 1;
			remoteGlobalIDString = D86853F6294F516400BBDF46;
			remoteInfo = SpeedReader;
		};
		D8685418294F516500BBDF46 /* PBXContainerItemProxy */ = {
			isa = PBXContainerItemProxy;
			containerPortal = D86853EF294F516400BBDF46 /* Project object */;
			proxyType = 1;
			remoteGlobalIDString = D86853F6294F516400BBDF46;
			remoteInfo = SpeedReader;
		};
/* End PBXContainerItemProxy section */

/* Begin PBXFileReference section */
		D86853F7294F516400BBDF46 /* SpeedReader.app */ = {isa = PBXFileReference; explicitFileType = wrapper.application; includeInIndex = 0; path = SpeedReader.app; sourceTree = BUILT_PRODUCTS_DIR; };
		D86853FA294F516400BBDF46 /* AppDelegate.swift */ = {isa = PBXFileReference; lastKnownFileType = sourcecode.swift; path = AppDelegate.swift; sourceTree = "<group>"; };
		D86853FC294F516400BBDF46 /* SceneDelegate.swift */ = {isa = PBXFileReference; lastKnownFileType = sourcecode.swift; path = SceneDelegate.swift; sourceTree = "<group>"; };
		D8685403294F516500BBDF46 /* Assets.xcassets */ = {isa = PBXFileReference; lastKnownFileType = folder.assetcatalog; path = Assets.xcassets; sourceTree = "<group>"; };
		D8685406294F516500BBDF46 /* Base */ = {isa = PBXFileReference; lastKnownFileType = file.storyboard; name = Base; path = Base.lproj/LaunchScreen.storyboard; sourceTree = "<group>"; };
		D8685408294F516500BBDF46 /* Info.plist */ = {isa = PBXFileReference; lastKnownFileType = text.plist.xml; path = Info.plist; sourceTree = "<group>"; };
		D868540D294F516500BBDF46 /* SpeedReaderTests.xctest */ = {isa = PBXFileReference; explicitFileType = wrapper.cfbundle; includeInIndex = 0; path = SpeedReaderTests.xctest; sourceTree = BUILT_PRODUCTS_DIR; };
		D8685411294F516500BBDF46 /* SpeedReaderTests.swift */ = {isa = PBXFileReference; lastKnownFileType = sourcecode.swift; path = SpeedReaderTests.swift; sourceTree = "<group>"; };
		D8685417294F516500BBDF46 /* SpeedReaderUITests.xctest */ = {isa = PBXFileReference; explicitFileType = wrapper.cfbundle; includeInIndex = 0; path = SpeedReaderUITests.xctest; sourceTree = BUILT_PRODUCTS_DIR; };
		D868541B294F516500BBDF46 /* SpeedReaderUITests.swift */ = {isa = PBXFileReference; lastKnownFileType = sourcecode.swift; path = SpeedReaderUITests.swift; sourceTree = "<group>"; };
		D868541D294F516500BBDF46 /* SpeedReaderUITestsLaunchTests.swift */ = {isa = PBXFileReference; lastKnownFileType = sourcecode.swift; path = SpeedReaderUITestsLaunchTests.swift; sourceTree = "<group>"; };
		D895B45A2966F826005F228F /* MainViewPresenter.swift */ = {isa = PBXFileReference; lastKnownFileType = sourcecode.swift; path = MainViewPresenter.swift; sourceTree = "<group>"; };
		D895B45F2966FE9D005F228F /* AssemblyBuilder.swift */ = {isa = PBXFileReference; lastKnownFileType = sourcecode.swift; path = AssemblyBuilder.swift; sourceTree = "<group>"; };
		D895B46229670062005F228F /* Router.swift */ = {isa = PBXFileReference; lastKnownFileType = sourcecode.swift; path = Router.swift; sourceTree = "<group>"; };
		D8D83DFC296330380095D4F9 /* MainViewController.swift */ = {isa = PBXFileReference; lastKnownFileType = sourcecode.swift; path = MainViewController.swift; sourceTree = "<group>"; };
/* End PBXFileReference section */

/* Begin PBXFrameworksBuildPhase section */
		D86853F4294F516400BBDF46 /* Frameworks */ = {
			isa = PBXFrameworksBuildPhase;
			buildActionMask = 2147483647;
			files = (
			);
			runOnlyForDeploymentPostprocessing = 0;
		};
		D868540A294F516500BBDF46 /* Frameworks */ = {
			isa = PBXFrameworksBuildPhase;
			buildActionMask = 2147483647;
			files = (
			);
			runOnlyForDeploymentPostprocessing = 0;
		};
		D8685414294F516500BBDF46 /* Frameworks */ = {
			isa = PBXFrameworksBuildPhase;
			buildActionMask = 2147483647;
			files = (
			);
			runOnlyForDeploymentPostprocessing = 0;
		};
/* End PBXFrameworksBuildPhase section */

/* Begin PBXGroup section */
		D86853EE294F516400BBDF46 = {
			isa = PBXGroup;
			children = (
				D86853F9294F516400BBDF46 /* SpeedReader */,
				D8685410294F516500BBDF46 /* SpeedReaderTests */,
				D868541A294F516500BBDF46 /* SpeedReaderUITests */,
				D86853F8294F516400BBDF46 /* Products */,
			);
			sourceTree = "<group>";
		};
		D86853F8294F516400BBDF46 /* Products */ = {
			isa = PBXGroup;
			children = (
				D86853F7294F516400BBDF46 /* SpeedReader.app */,
				D868540D294F516500BBDF46 /* SpeedReaderTests.xctest */,
				D8685417294F516500BBDF46 /* SpeedReaderUITests.xctest */,
			);
			name = Products;
			sourceTree = "<group>";
		};
		D86853F9294F516400BBDF46 /* SpeedReader */ = {
			isa = PBXGroup;
			children = (
				D895B4582966F6BB005F228F /* Core */,
				D868542C294F810800BBDF46 /* App */,
				D868542A294F80ED00BBDF46 /* Resources */,
			);
			path = SpeedReader;
			sourceTree = "<group>";
		};
		D8685410294F516500BBDF46 /* SpeedReaderTests */ = {
			isa = PBXGroup;
			children = (
				D8685411294F516500BBDF46 /* SpeedReaderTests.swift */,
			);
			path = SpeedReaderTests;
			sourceTree = "<group>";
		};
		D868541A294F516500BBDF46 /* SpeedReaderUITests */ = {
			isa = PBXGroup;
			children = (
				D868541B294F516500BBDF46 /* SpeedReaderUITests.swift */,
				D868541D294F516500BBDF46 /* SpeedReaderUITestsLaunchTests.swift */,
			);
			path = SpeedReaderUITests;
			sourceTree = "<group>";
		};
		D868542A294F80ED00BBDF46 /* Resources */ = {
			isa = PBXGroup;
			children = (
				D8685403294F516500BBDF46 /* Assets.xcassets */,
			);
			path = Resources;
			sourceTree = "<group>";
		};
		D868542C294F810800BBDF46 /* App */ = {
			isa = PBXGroup;
			children = (
				D8685405294F516500BBDF46 /* LaunchScreen.storyboard */,
				D8685408294F516500BBDF46 /* Info.plist */,
			);
			path = App;
			sourceTree = "<group>";
		};
		D895B4582966F6BB005F228F /* Core */ = {
			isa = PBXGroup;
			children = (
				D895B46129670053005F228F /* Router */,
				D895B45E2966FE8B005F228F /* Factory */,
				D8D83DFB29632FD50095D4F9 /* Modules */,
				D895B4592966F6C4005F228F /* Delegates */,
			);
			path = Core;
			sourceTree = "<group>";
		};
		D895B4592966F6C4005F228F /* Delegates */ = {
			isa = PBXGroup;
			children = (
				D86853FA294F516400BBDF46 /* AppDelegate.swift */,
				D86853FC294F516400BBDF46 /* SceneDelegate.swift */,
			);
			path = Delegates;
			sourceTree = "<group>";
		};
		D895B45E2966FE8B005F228F /* Factory */ = {
			isa = PBXGroup;
			children = (
				D895B45F2966FE9D005F228F /* AssemblyBuilder.swift */,
			);
			path = Factory;
			sourceTree = "<group>";
		};
		D895B46129670053005F228F /* Router */ = {
			isa = PBXGroup;
			children = (
				D895B46229670062005F228F /* Router.swift */,
			);
			path = Router;
			sourceTree = "<group>";
		};
		D8D83DFB29632FD50095D4F9 /* Modules */ = {
			isa = PBXGroup;
			children = (
				D8D83DFE2963303D0095D4F9 /* MainModule */,
			);
			path = Modules;
			sourceTree = "<group>";
		};
		D8D83DFE2963303D0095D4F9 /* MainModule */ = {
			isa = PBXGroup;
			children = (
				D8D83DFC296330380095D4F9 /* MainViewController.swift */,
				D895B45A2966F826005F228F /* MainViewPresenter.swift */,
			);
			path = MainModule;
			sourceTree = "<group>";
		};
/* End PBXGroup section */

/* Begin PBXNativeTarget section */
		D86853F6294F516400BBDF46 /* SpeedReader */ = {
			isa = PBXNativeTarget;
			buildConfigurationList = D8685421294F516500BBDF46 /* Build configuration list for PBXNativeTarget "SpeedReader" */;
			buildPhases = (
				D86853F3294F516400BBDF46 /* Sources */,
				D86853F4294F516400BBDF46 /* Frameworks */,
				D86853F5294F516400BBDF46 /* Resources */,
			);
			buildRules = (
			);
			dependencies = (
			);
			name = SpeedReader;
			productName = SpeedReader;
			productReference = D86853F7294F516400BBDF46 /* SpeedReader.app */;
			productType = "com.apple.product-type.application";
		};
		D868540C294F516500BBDF46 /* SpeedReaderTests */ = {
			isa = PBXNativeTarget;
			buildConfigurationList = D8685424294F516500BBDF46 /* Build configuration list for PBXNativeTarget "SpeedReaderTests" */;
			buildPhases = (
				D8685409294F516500BBDF46 /* Sources */,
				D868540A294F516500BBDF46 /* Frameworks */,
				D868540B294F516500BBDF46 /* Resources */,
			);
			buildRules = (
			);
			dependencies = (
				D868540F294F516500BBDF46 /* PBXTargetDependency */,
			);
			name = SpeedReaderTests;
			productName = SpeedReaderTests;
			productReference = D868540D294F516500BBDF46 /* SpeedReaderTests.xctest */;
			productType = "com.apple.product-type.bundle.unit-test";
		};
		D8685416294F516500BBDF46 /* SpeedReaderUITests */ = {
			isa = PBXNativeTarget;
			buildConfigurationList = D8685427294F516500BBDF46 /* Build configuration list for PBXNativeTarget "SpeedReaderUITests" */;
			buildPhases = (
				D8685413294F516500BBDF46 /* Sources */,
				D8685414294F516500BBDF46 /* Frameworks */,
				D8685415294F516500BBDF46 /* Resources */,
			);
			buildRules = (
			);
			dependencies = (
				D8685419294F516500BBDF46 /* PBXTargetDependency */,
			);
			name = SpeedReaderUITests;
			productName = SpeedReaderUITests;
			productReference = D8685417294F516500BBDF46 /* SpeedReaderUITests.xctest */;
			productType = "com.apple.product-type.bundle.ui-testing";
		};
/* End PBXNativeTarget section */

/* Begin PBXProject section */
		D86853EF294F516400BBDF46 /* Project object */ = {
			isa = PBXProject;
			attributes = {
				BuildIndependentTargetsInParallel = 1;
				LastSwiftUpdateCheck = 1420;
				LastUpgradeCheck = 1420;
				TargetAttributes = {
					D86853F6294F516400BBDF46 = {
						CreatedOnToolsVersion = 14.2;
					};
					D868540C294F516500BBDF46 = {
						CreatedOnToolsVersion = 14.2;
						TestTargetID = D86853F6294F516400BBDF46;
					};
					D8685416294F516500BBDF46 = {
						CreatedOnToolsVersion = 14.2;
						TestTargetID = D86853F6294F516400BBDF46;
					};
				};
			};
			buildConfigurationList = D86853F2294F516400BBDF46 /* Build configuration list for PBXProject "SpeedReader" */;
			compatibilityVersion = "Xcode 14.0";
			developmentRegion = en;
			hasScannedForEncodings = 0;
			knownRegions = (
				en,
				Base,
			);
			mainGroup = D86853EE294F516400BBDF46;
			productRefGroup = D86853F8294F516400BBDF46 /* Products */;
			projectDirPath = "";
			projectRoot = "";
			targets = (
				D86853F6294F516400BBDF46 /* SpeedReader */,
				D868540C294F516500BBDF46 /* SpeedReaderTests */,
				D8685416294F516500BBDF46 /* SpeedReaderUITests */,
			);
		};
/* End PBXProject section */

/* Begin PBXResourcesBuildPhase section */
		D86853F5294F516400BBDF46 /* Resources */ = {
			isa = PBXResourcesBuildPhase;
			buildActionMask = 2147483647;
			files = (
				D8685407294F516500BBDF46 /* LaunchScreen.storyboard in Resources */,
				D8685404294F516500BBDF46 /* Assets.xcassets in Resources */,
			);
			runOnlyForDeploymentPostprocessing = 0;
		};
		D868540B294F516500BBDF46 /* Resources */ = {
			isa = PBXResourcesBuildPhase;
			buildActionMask = 2147483647;
			files = (
			);
			runOnlyForDeploymentPostprocessing = 0;
		};
		D8685415294F516500BBDF46 /* Resources */ = {
			isa = PBXResourcesBuildPhase;
			buildActionMask = 2147483647;
			files = (
			);
			runOnlyForDeploymentPostprocessing = 0;
		};
/* End PBXResourcesBuildPhase section */

/* Begin PBXSourcesBuildPhase section */
		D86853F3294F516400BBDF46 /* Sources */ = {
			isa = PBXSourcesBuildPhase;
			buildActionMask = 2147483647;
			files = (
				D8D83DFD296330380095D4F9 /* MainViewController.swift in Sources */,
				D895B4602966FE9D005F228F /* AssemblyBuilder.swift in Sources */,
				D86853FB294F516400BBDF46 /* AppDelegate.swift in Sources */,
				D895B45B2966F826005F228F /* MainViewPresenter.swift in Sources */,
				D895B46329670062005F228F /* Router.swift in Sources */,
				D86853FD294F516400BBDF46 /* SceneDelegate.swift in Sources */,
			);
			runOnlyForDeploymentPostprocessing = 0;
		};
		D8685409294F516500BBDF46 /* Sources */ = {
			isa = PBXSourcesBuildPhase;
			buildActionMask = 2147483647;
			files = (
				D8685412294F516500BBDF46 /* SpeedReaderTests.swift in Sources */,
			);
			runOnlyForDeploymentPostprocessing = 0;
		};
		D8685413294F516500BBDF46 /* Sources */ = {
			isa = PBXSourcesBuildPhase;
			buildActionMask = 2147483647;
			files = (
				D868541C294F516500BBDF46 /* SpeedReaderUITests.swift in Sources */,
				D868541E294F516500BBDF46 /* SpeedReaderUITestsLaunchTests.swift in Sources */,
			);
			runOnlyForDeploymentPostprocessing = 0;
		};
/* End PBXSourcesBuildPhase section */

/* Begin PBXTargetDependency section */
		D868540F294F516500BBDF46 /* PBXTargetDependency */ = {
			isa = PBXTargetDependency;
			target = D86853F6294F516400BBDF46 /* SpeedReader */;
			targetProxy = D868540E294F516500BBDF46 /* PBXContainerItemProxy */;
		};
		D8685419294F516500BBDF46 /* PBXTargetDependency */ = {
			isa = PBXTargetDependency;
			target = D86853F6294F516400BBDF46 /* SpeedReader */;
			targetProxy = D8685418294F516500BBDF46 /* PBXContainerItemProxy */;
		};
/* End PBXTargetDependency section */

/* Begin PBXVariantGroup section */
		D8685405294F516500BBDF46 /* LaunchScreen.storyboard */ = {
			isa = PBXVariantGroup;
			children = (
				D8685406294F516500BBDF46 /* Base */,
			);
			name = LaunchScreen.storyboard;
			sourceTree = "<group>";
		};
/* End PBXVariantGroup section */

/* Begin XCBuildConfiguration section */
		D868541F294F516500BBDF46 /* Debug */ = {
			isa = XCBuildConfiguration;
			buildSettings = {
				ALWAYS_SEARCH_USER_PATHS = NO;
				CLANG_ANALYZER_NONNULL = YES;
				CLANG_ANALYZER_NUMBER_OBJECT_CONVERSION = YES_AGGRESSIVE;
				CLANG_CXX_LANGUAGE_STANDARD = "gnu++20";
				CLANG_ENABLE_MODULES = YES;
				CLANG_ENABLE_OBJC_ARC = YES;
				CLANG_ENABLE_OBJC_WEAK = YES;
				CLANG_WARN_BLOCK_CAPTURE_AUTORELEASING = YES;
				CLANG_WARN_BOOL_CONVERSION = YES;
				CLANG_WARN_COMMA = YES;
				CLANG_WARN_CONSTANT_CONVERSION = YES;
				CLANG_WARN_DEPRECATED_OBJC_IMPLEMENTATIONS = YES;
				CLANG_WARN_DIRECT_OBJC_ISA_USAGE = YES_ERROR;
				CLANG_WARN_DOCUMENTATION_COMMENTS = YES;
				CLANG_WARN_EMPTY_BODY = YES;
				CLANG_WARN_ENUM_CONVERSION = YES;
				CLANG_WARN_INFINITE_RECURSION = YES;
				CLANG_WARN_INT_CONVERSION = YES;
				CLANG_WARN_NON_LITERAL_NULL_CONVERSION = YES;
				CLANG_WARN_OBJC_IMPLICIT_RETAIN_SELF = YES;
				CLANG_WARN_OBJC_LITERAL_CONVERSION = YES;
				CLANG_WARN_OBJC_ROOT_CLASS = YES_ERROR;
				CLANG_WARN_QUOTED_INCLUDE_IN_FRAMEWORK_HEADER = YES;
				CLANG_WARN_RANGE_LOOP_ANALYSIS = YES;
				CLANG_WARN_STRICT_PROTOTYPES = YES;
				CLANG_WARN_SUSPICIOUS_MOVE = YES;
				CLANG_WARN_UNGUARDED_AVAILABILITY = YES_AGGRESSIVE;
				CLANG_WARN_UNREACHABLE_CODE = YES;
				CLANG_WARN__DUPLICATE_METHOD_MATCH = YES;
				COPY_PHASE_STRIP = NO;
				DEBUG_INFORMATION_FORMAT = dwarf;
				ENABLE_STRICT_OBJC_MSGSEND = YES;
				ENABLE_TESTABILITY = YES;
				GCC_C_LANGUAGE_STANDARD = gnu11;
				GCC_DYNAMIC_NO_PIC = NO;
				GCC_NO_COMMON_BLOCKS = YES;
				GCC_OPTIMIZATION_LEVEL = 0;
				GCC_PREPROCESSOR_DEFINITIONS = (
					"DEBUG=1",
					"$(inherited)",
				);
				GCC_WARN_64_TO_32_BIT_CONVERSION = YES;
				GCC_WARN_ABOUT_RETURN_TYPE = YES_ERROR;
				GCC_WARN_UNDECLARED_SELECTOR = YES;
				GCC_WARN_UNINITIALIZED_AUTOS = YES_AGGRESSIVE;
				GCC_WARN_UNUSED_FUNCTION = YES;
				GCC_WARN_UNUSED_VARIABLE = YES;
				INFOPLIST_FILE = SpeedReader/App/Info.plist;
				IPHONEOS_DEPLOYMENT_TARGET = 14.2;
				MTL_ENABLE_DEBUG_INFO = INCLUDE_SOURCE;
				MTL_FAST_MATH = YES;
				ONLY_ACTIVE_ARCH = YES;
				SDKROOT = iphoneos;
				SWIFT_ACTIVE_COMPILATION_CONDITIONS = DEBUG;
				SWIFT_OPTIMIZATION_LEVEL = "-Onone";
			};
			name = Debug;
		};
		D8685420294F516500BBDF46 /* Release */ = {
			isa = XCBuildConfiguration;
			buildSettings = {
				ALWAYS_SEARCH_USER_PATHS = NO;
				CLANG_ANALYZER_NONNULL = YES;
				CLANG_ANALYZER_NUMBER_OBJECT_CONVERSION = YES_AGGRESSIVE;
				CLANG_CXX_LANGUAGE_STANDARD = "gnu++20";
				CLANG_ENABLE_MODULES = YES;
				CLANG_ENABLE_OBJC_ARC = YES;
				CLANG_ENABLE_OBJC_WEAK = YES;
				CLANG_WARN_BLOCK_CAPTURE_AUTORELEASING = YES;
				CLANG_WARN_BOOL_CONVERSION = YES;
				CLANG_WARN_COMMA = YES;
				CLANG_WARN_CONSTANT_CONVERSION = YES;
				CLANG_WARN_DEPRECATED_OBJC_IMPLEMENTATIONS = YES;
				CLANG_WARN_DIRECT_OBJC_ISA_USAGE = YES_ERROR;
				CLANG_WARN_DOCUMENTATION_COMMENTS = YES;
				CLANG_WARN_EMPTY_BODY = YES;
				CLANG_WARN_ENUM_CONVERSION = YES;
				CLANG_WARN_INFINITE_RECURSION = YES;
				CLANG_WARN_INT_CONVERSION = YES;
				CLANG_WARN_NON_LITERAL_NULL_CONVERSION = YES;
				CLANG_WARN_OBJC_IMPLICIT_RETAIN_SELF = YES;
				CLANG_WARN_OBJC_LITERAL_CONVERSION = YES;
				CLANG_WARN_OBJC_ROOT_CLASS = YES_ERROR;
				CLANG_WARN_QUOTED_INCLUDE_IN_FRAMEWORK_HEADER = YES;
				CLANG_WARN_RANGE_LOOP_ANALYSIS = YES;
				CLANG_WARN_STRICT_PROTOTYPES = YES;
				CLANG_WARN_SUSPICIOUS_MOVE = YES;
				CLANG_WARN_UNGUARDED_AVAILABILITY = YES_AGGRESSIVE;
				CLANG_WARN_UNREACHABLE_CODE = YES;
				CLANG_WARN__DUPLICATE_METHOD_MATCH = YES;
				COPY_PHASE_STRIP = NO;
				DEBUG_INFORMATION_FORMAT = "dwarf-with-dsym";
				ENABLE_NS_ASSERTIONS = NO;
				ENABLE_STRICT_OBJC_MSGSEND = YES;
				GCC_C_LANGUAGE_STANDARD = gnu11;
				GCC_NO_COMMON_BLOCKS = YES;
				GCC_WARN_64_TO_32_BIT_CONVERSION = YES;
				GCC_WARN_ABOUT_RETURN_TYPE = YES_ERROR;
				GCC_WARN_UNDECLARED_SELECTOR = YES;
				GCC_WARN_UNINITIALIZED_AUTOS = YES_AGGRESSIVE;
				GCC_WARN_UNUSED_FUNCTION = YES;
				GCC_WARN_UNUSED_VARIABLE = YES;
				INFOPLIST_FILE = SpeedReader/App/Info.plist;
				IPHONEOS_DEPLOYMENT_TARGET = 14.2;
				MTL_ENABLE_DEBUG_INFO = NO;
				MTL_FAST_MATH = YES;
				SDKROOT = iphoneos;
				SWIFT_COMPILATION_MODE = wholemodule;
				SWIFT_OPTIMIZATION_LEVEL = "-O";
				VALIDATE_PRODUCT = YES;
			};
			name = Release;
		};
		D8685422294F516500BBDF46 /* Debug */ = {
			isa = XCBuildConfiguration;
			buildSettings = {
				ASSETCATALOG_COMPILER_APPICON_NAME = AppIcon;
				ASSETCATALOG_COMPILER_GLOBAL_ACCENT_COLOR_NAME = AccentColor;
				CODE_SIGN_STYLE = Automatic;
				CURRENT_PROJECT_VERSION = 1;
				DEVELOPMENT_TEAM = MZ839TWKQT;
				GENERATE_INFOPLIST_FILE = YES;
				INFOPLIST_FILE = SpeedReader/App/Info.plist;
				INFOPLIST_KEY_UIApplicationSupportsIndirectInputEvents = YES;
				INFOPLIST_KEY_UILaunchStoryboardName = LaunchScreen;
				INFOPLIST_KEY_UIMainStoryboardFile = "";
				INFOPLIST_KEY_UISupportedInterfaceOrientations_iPad = "UIInterfaceOrientationPortrait UIInterfaceOrientationPortraitUpsideDown UIInterfaceOrientationLandscapeLeft UIInterfaceOrientationLandscapeRight";
				INFOPLIST_KEY_UISupportedInterfaceOrientations_iPhone = "UIInterfaceOrientationPortrait UIInterfaceOrientationLandscapeLeft UIInterfaceOrientationLandscapeRight";
				LD_RUNPATH_SEARCH_PATHS = (
					"$(inherited)",
					"@executable_path/Frameworks",
				);
				MARKETING_VERSION = 1.0;
				PRODUCT_BUNDLE_IDENTIFIER = petermorris.SpeedReader;
				PRODUCT_NAME = "$(TARGET_NAME)";
				SWIFT_EMIT_LOC_STRINGS = YES;
				SWIFT_VERSION = 5.0;
				TARGETED_DEVICE_FAMILY = "1,2";
			};
			name = Debug;
		};
		D8685423294F516500BBDF46 /* Release */ = {
			isa = XCBuildConfiguration;
			buildSettings = {
				ASSETCATALOG_COMPILER_APPICON_NAME = AppIcon;
				ASSETCATALOG_COMPILER_GLOBAL_ACCENT_COLOR_NAME = AccentColor;
				CODE_SIGN_STYLE = Automatic;
				CURRENT_PROJECT_VERSION = 1;
				DEVELOPMENT_TEAM = MZ839TWKQT;
				GENERATE_INFOPLIST_FILE = YES;
				INFOPLIST_FILE = SpeedReader/App/Info.plist;
				INFOPLIST_KEY_UIApplicationSupportsIndirectInputEvents = YES;
				INFOPLIST_KEY_UILaunchStoryboardName = LaunchScreen;
				INFOPLIST_KEY_UIMainStoryboardFile = "";
				INFOPLIST_KEY_UISupportedInterfaceOrientations_iPad = "UIInterfaceOrientationPortrait UIInterfaceOrientationPortraitUpsideDown UIInterfaceOrientationLandscapeLeft UIInterfaceOrientationLandscapeRight";
				INFOPLIST_KEY_UISupportedInterfaceOrientations_iPhone = "UIInterfaceOrientationPortrait UIInterfaceOrientationLandscapeLeft UIInterfaceOrientationLandscapeRight";
				LD_RUNPATH_SEARCH_PATHS = (
					"$(inherited)",
					"@executable_path/Frameworks",
				);
				MARKETING_VERSION = 1.0;
				PRODUCT_BUNDLE_IDENTIFIER = petermorris.SpeedReader;
				PRODUCT_NAME = "$(TARGET_NAME)";
				SWIFT_EMIT_LOC_STRINGS = YES;
				SWIFT_VERSION = 5.0;
				TARGETED_DEVICE_FAMILY = "1,2";
			};
			name = Release;
		};
		D8685425294F516500BBDF46 /* Debug */ = {
			isa = XCBuildConfiguration;
			buildSettings = {
				ALWAYS_EMBED_SWIFT_STANDARD_LIBRARIES = YES;
				BUNDLE_LOADER = "$(TEST_HOST)";
				CODE_SIGN_STYLE = Automatic;
				CURRENT_PROJECT_VERSION = 1;
				DEVELOPMENT_TEAM = MZ839TWKQT;
				GENERATE_INFOPLIST_FILE = YES;
				IPHONEOS_DEPLOYMENT_TARGET = 16.2;
				MARKETING_VERSION = 1.0;
				PRODUCT_BUNDLE_IDENTIFIER = petermorris.SpeedReaderTests;
				PRODUCT_NAME = "$(TARGET_NAME)";
				SWIFT_EMIT_LOC_STRINGS = NO;
				SWIFT_VERSION = 5.0;
				TARGETED_DEVICE_FAMILY = "1,2";
				TEST_HOST = "$(BUILT_PRODUCTS_DIR)/SpeedReader.app/$(BUNDLE_EXECUTABLE_FOLDER_PATH)/SpeedReader";
			};
			name = Debug;
		};
		D8685426294F516500BBDF46 /* Release */ = {
			isa = XCBuildConfiguration;
			buildSettings = {
				ALWAYS_EMBED_SWIFT_STANDARD_LIBRARIES = YES;
				BUNDLE_LOADER = "$(TEST_HOST)";
				CODE_SIGN_STYLE = Automatic;
				CURRENT_PROJECT_VERSION = 1;
				DEVELOPMENT_TEAM = MZ839TWKQT;
				GENERATE_INFOPLIST_FILE = YES;
				IPHONEOS_DEPLOYMENT_TARGET = 16.2;
				MARKETING_VERSION = 1.0;
				PRODUCT_BUNDLE_IDENTIFIER = petermorris.SpeedReaderTests;
				PRODUCT_NAME = "$(TARGET_NAME)";
				SWIFT_EMIT_LOC_STRINGS = NO;
				SWIFT_VERSION = 5.0;
				TARGETED_DEVICE_FAMILY = "1,2";
				TEST_HOST = "$(BUILT_PRODUCTS_DIR)/SpeedReader.app/$(BUNDLE_EXECUTABLE_FOLDER_PATH)/SpeedReader";
			};
			name = Release;
		};
		D8685428294F516500BBDF46 /* Debug */ = {
			isa = XCBuildConfiguration;
			buildSettings = {
				ALWAYS_EMBED_SWIFT_STANDARD_LIBRARIES = YES;
				CODE_SIGN_STYLE = Automatic;
				CURRENT_PROJECT_VERSION = 1;
				DEVELOPMENT_TEAM = MZ839TWKQT;
				GENERATE_INFOPLIST_FILE = YES;
				MARKETING_VERSION = 1.0;
				PRODUCT_BUNDLE_IDENTIFIER = petermorris.SpeedReaderUITests;
				PRODUCT_NAME = "$(TARGET_NAME)";
				SWIFT_EMIT_LOC_STRINGS = NO;
				SWIFT_VERSION = 5.0;
				TARGETED_DEVICE_FAMILY = "1,2";
				TEST_TARGET_NAME = SpeedReader;
			};
			name = Debug;
		};
		D8685429294F516500BBDF46 /* Release */ = {
			isa = XCBuildConfiguration;
			buildSettings = {
				ALWAYS_EMBED_SWIFT_STANDARD_LIBRARIES = YES;
				CODE_SIGN_STYLE = Automatic;
				CURRENT_PROJECT_VERSION = 1;
				DEVELOPMENT_TEAM = MZ839TWKQT;
				GENERATE_INFOPLIST_FILE = YES;
				MARKETING_VERSION = 1.0;
				PRODUCT_BUNDLE_IDENTIFIER = petermorris.SpeedReaderUITests;
				PRODUCT_NAME = "$(TARGET_NAME)";
				SWIFT_EMIT_LOC_STRINGS = NO;
				SWIFT_VERSION = 5.0;
				TARGETED_DEVICE_FAMILY = "1,2";
				TEST_TARGET_NAME = SpeedReader;
			};
			name = Release;
		};
/* End XCBuildConfiguration section */

/* Begin XCConfigurationList section */
		D86853F2294F516400BBDF46 /* Build configuration list for PBXProject "SpeedReader" */ = {
			isa = XCConfigurationList;
			buildConfigurations = (
				D868541F294F516500BBDF46 /* Debug */,
				D8685420294F516500BBDF46 /* Release */,
			);
			defaultConfigurationIsVisible = 0;
			defaultConfigurationName = Release;
		};
		D8685421294F516500BBDF46 /* Build configuration list for PBXNativeTarget "SpeedReader" */ = {
			isa = XCConfigurationList;
			buildConfigurations = (
				D8685422294F516500BBDF46 /* Debug */,
				D8685423294F516500BBDF46 /* Release */,
			);
			defaultConfigurationIsVisible = 0;
			defaultConfigurationName = Release;
		};
		D8685424294F516500BBDF46 /* Build configuration list for PBXNativeTarget "SpeedReaderTests" */ = {
			isa = XCConfigurationList;
			buildConfigurations = (
				D8685425294F516500BBDF46 /* Debug */,
				D8685426294F516500BBDF46 /* Release */,
			);
			defaultConfigurationIsVisible = 0;
			defaultConfigurationName = Release;
		};
		D8685427294F516500BBDF46 /* Build configuration list for PBXNativeTarget "SpeedReaderUITests" */ = {
			isa = XCConfigurationList;
			buildConfigurations = (
				D8685428294F516500BBDF46 /* Debug */,
				D8685429294F516500BBDF46 /* Release */,
			);
			defaultConfigurationIsVisible = 0;
			defaultConfigurationName = Release;
		};
/* End XCConfigurationList section */
	};
	rootObject = D86853EF294F516400BBDF46 /* Project object */;
}
