// !$*UTF8*$!
{
	archiveVersion = 1;
	classes = {
	};
	objectVersion = 56;
	objects = {

/* Begin PBXBuildFile section */
		D8685404294F516500BBDF46 /* Assets.xcassets in Resources */ = {isa = PBXBuildFile; fileRef = D8685403294F516500BBDF46 /* Assets.xcassets */; };
		D893E1E62A036945008198FC /* BasicPageViewModel.swift in Sources */ = {isa = PBXBuildFile; fileRef = D893E1DA2A036945008198FC /* BasicPageViewModel.swift */; };
		D893E1E72A036945008198FC /* LibraryViewModel.swift in Sources */ = {isa = PBXBuildFile; fileRef = D893E1DD2A036945008198FC /* LibraryViewModel.swift */; };
		D893E1E82A036945008198FC /* LibraryView.swift in Sources */ = {isa = PBXBuildFile; fileRef = D893E1DE2A036945008198FC /* LibraryView.swift */; };
		D893E1E92A036945008198FC /* SecondPageView.swift in Sources */ = {isa = PBXBuildFile; fileRef = D893E1E02A036945008198FC /* SecondPageView.swift */; };
		D893E1EA2A036945008198FC /* FullScreenCoverView.swift in Sources */ = {isa = PBXBuildFile; fileRef = D893E1E12A036945008198FC /* FullScreenCoverView.swift */; };
		D893E1EB2A036945008198FC /* PageView.swift in Sources */ = {isa = PBXBuildFile; fileRef = D893E1E22A036945008198FC /* PageView.swift */; };
		D893E1EC2A036945008198FC /* ExplorerViewModel.swift in Sources */ = {isa = PBXBuildFile; fileRef = D893E1E42A036945008198FC /* ExplorerViewModel.swift */; };
		D893E1ED2A036945008198FC /* ExplorerView.swift in Sources */ = {isa = PBXBuildFile; fileRef = D893E1E52A036945008198FC /* ExplorerView.swift */; };
		D893E1FA2A03694C008198FC /* CoordinatorView.swift in Sources */ = {isa = PBXBuildFile; fileRef = D893E1F02A03694C008198FC /* CoordinatorView.swift */; };
		D893E1FB2A03694C008198FC /* CoordinatorNavigationProtocol.swift in Sources */ = {isa = PBXBuildFile; fileRef = D893E1F12A03694C008198FC /* CoordinatorNavigationProtocol.swift */; };
		D893E1FC2A03694C008198FC /* PageTypes.swift in Sources */ = {isa = PBXBuildFile; fileRef = D893E1F22A03694C008198FC /* PageTypes.swift */; };
		D893E1FD2A03694C008198FC /* Router.swift in Sources */ = {isa = PBXBuildFile; fileRef = D893E1F32A03694C008198FC /* Router.swift */; };
		D893E1FE2A03694C008198FC /* CoordinatorObject.swift in Sources */ = {isa = PBXBuildFile; fileRef = D893E1F42A03694C008198FC /* CoordinatorObject.swift */; };
		D893E1FF2A03694C008198FC /* Subscripts.swift in Sources */ = {isa = PBXBuildFile; fileRef = D893E1F62A03694C008198FC /* Subscripts.swift */; };
		D893E2002A03694C008198FC /* DIContainer.swift in Sources */ = {isa = PBXBuildFile; fileRef = D893E1F72A03694C008198FC /* DIContainer.swift */; };
		D893E2012A03694C008198FC /* MainAssembly.swift in Sources */ = {isa = PBXBuildFile; fileRef = D893E1F82A03694C008198FC /* MainAssembly.swift */; };
		D893E2022A03694C008198FC /* CoordinatorTestApp.swift in Sources */ = {isa = PBXBuildFile; fileRef = D893E1F92A03694C008198FC /* CoordinatorTestApp.swift */; };
		D893E2052A036954008198FC /* Preview Assets.xcassets in Resources */ = {isa = PBXBuildFile; fileRef = D893E2042A036954008198FC /* Preview Assets.xcassets */; };
		D893E2072A036E25008198FC /* TabModel.swift in Sources */ = {isa = PBXBuildFile; fileRef = D893E2062A036E25008198FC /* TabModel.swift */; };
		D893E2222A037B36008198FC /* SpeedReaderTests.swift in Sources */ = {isa = PBXBuildFile; fileRef = D893E2212A037B36008198FC /* SpeedReaderTests.swift */; };
		D893E2282A037B40008198FC /* RouterTests.swift in Sources */ = {isa = PBXBuildFile; fileRef = D893E2102A037443008198FC /* RouterTests.swift */; };
/* End PBXBuildFile section */

/* Begin PBXContainerItemProxy section */
		D893E2232A037B36008198FC /* PBXContainerItemProxy */ = {
			isa = PBXContainerItemProxy;
			containerPortal = D86853EF294F516400BBDF46 /* Project object */;
			proxyType = 1;
			remoteGlobalIDString = D86853F6294F516400BBDF46;
			remoteInfo = SpeedReader;
		};
/* End PBXContainerItemProxy section */

/* Begin PBXFileReference section */
		D86853F7294F516400BBDF46 /* SpeedReader.app */ = {isa = PBXFileReference; explicitFileType = wrapper.application; includeInIndex = 0; path = SpeedReader.app; sourceTree = BUILT_PRODUCTS_DIR; };
		D8685403294F516500BBDF46 /* Assets.xcassets */ = {isa = PBXFileReference; lastKnownFileType = folder.assetcatalog; path = Assets.xcassets; sourceTree = "<group>"; };
		D893E1DA2A036945008198FC /* BasicPageViewModel.swift */ = {isa = PBXFileReference; fileEncoding = 4; lastKnownFileType = sourcecode.swift; path = BasicPageViewModel.swift; sourceTree = "<group>"; };
		D893E1DD2A036945008198FC /* LibraryViewModel.swift */ = {isa = PBXFileReference; fileEncoding = 4; lastKnownFileType = sourcecode.swift; path = LibraryViewModel.swift; sourceTree = "<group>"; };
		D893E1DE2A036945008198FC /* LibraryView.swift */ = {isa = PBXFileReference; fileEncoding = 4; lastKnownFileType = sourcecode.swift; path = LibraryView.swift; sourceTree = "<group>"; };
		D893E1E02A036945008198FC /* SecondPageView.swift */ = {isa = PBXFileReference; fileEncoding = 4; lastKnownFileType = sourcecode.swift; path = SecondPageView.swift; sourceTree = "<group>"; };
		D893E1E12A036945008198FC /* FullScreenCoverView.swift */ = {isa = PBXFileReference; fileEncoding = 4; lastKnownFileType = sourcecode.swift; path = FullScreenCoverView.swift; sourceTree = "<group>"; };
		D893E1E22A036945008198FC /* PageView.swift */ = {isa = PBXFileReference; fileEncoding = 4; lastKnownFileType = sourcecode.swift; path = PageView.swift; sourceTree = "<group>"; };
		D893E1E42A036945008198FC /* ExplorerViewModel.swift */ = {isa = PBXFileReference; fileEncoding = 4; lastKnownFileType = sourcecode.swift; path = ExplorerViewModel.swift; sourceTree = "<group>"; };
		D893E1E52A036945008198FC /* ExplorerView.swift */ = {isa = PBXFileReference; fileEncoding = 4; lastKnownFileType = sourcecode.swift; path = ExplorerView.swift; sourceTree = "<group>"; };
		D893E1F02A03694C008198FC /* CoordinatorView.swift */ = {isa = PBXFileReference; fileEncoding = 4; lastKnownFileType = sourcecode.swift; path = CoordinatorView.swift; sourceTree = "<group>"; };
		D893E1F12A03694C008198FC /* CoordinatorNavigationProtocol.swift */ = {isa = PBXFileReference; fileEncoding = 4; lastKnownFileType = sourcecode.swift; path = CoordinatorNavigationProtocol.swift; sourceTree = "<group>"; };
		D893E1F22A03694C008198FC /* PageTypes.swift */ = {isa = PBXFileReference; fileEncoding = 4; lastKnownFileType = sourcecode.swift; path = PageTypes.swift; sourceTree = "<group>"; };
		D893E1F32A03694C008198FC /* Router.swift */ = {isa = PBXFileReference; fileEncoding = 4; lastKnownFileType = sourcecode.swift; path = Router.swift; sourceTree = "<group>"; };
		D893E1F42A03694C008198FC /* CoordinatorObject.swift */ = {isa = PBXFileReference; fileEncoding = 4; lastKnownFileType = sourcecode.swift; path = CoordinatorObject.swift; sourceTree = "<group>"; };
		D893E1F62A03694C008198FC /* Subscripts.swift */ = {isa = PBXFileReference; fileEncoding = 4; lastKnownFileType = sourcecode.swift; path = Subscripts.swift; sourceTree = "<group>"; };
		D893E1F72A03694C008198FC /* DIContainer.swift */ = {isa = PBXFileReference; fileEncoding = 4; lastKnownFileType = sourcecode.swift; path = DIContainer.swift; sourceTree = "<group>"; };
		D893E1F82A03694C008198FC /* MainAssembly.swift */ = {isa = PBXFileReference; fileEncoding = 4; lastKnownFileType = sourcecode.swift; path = MainAssembly.swift; sourceTree = "<group>"; };
		D893E1F92A03694C008198FC /* CoordinatorTestApp.swift */ = {isa = PBXFileReference; fileEncoding = 4; lastKnownFileType = sourcecode.swift; path = CoordinatorTestApp.swift; sourceTree = "<group>"; };
		D893E2042A036954008198FC /* Preview Assets.xcassets */ = {isa = PBXFileReference; lastKnownFileType = folder.assetcatalog; path = "Preview Assets.xcassets"; sourceTree = "<group>"; };
		D893E2062A036E25008198FC /* TabModel.swift */ = {isa = PBXFileReference; lastKnownFileType = sourcecode.swift; path = TabModel.swift; sourceTree = "<group>"; };
		D893E2092A0373CF008198FC /* README.md */ = {isa = PBXFileReference; lastKnownFileType = net.daringfireball.markdown; path = README.md; sourceTree = "<group>"; };
		D893E2102A037443008198FC /* RouterTests.swift */ = {isa = PBXFileReference; lastKnownFileType = sourcecode.swift; path = RouterTests.swift; sourceTree = "<group>"; };
		D893E21F2A037B36008198FC /* SpeedReaderTests.xctest */ = {isa = PBXFileReference; explicitFileType = wrapper.cfbundle; includeInIndex = 0; path = SpeedReaderTests.xctest; sourceTree = BUILT_PRODUCTS_DIR; };
		D893E2212A037B36008198FC /* SpeedReaderTests.swift */ = {isa = PBXFileReference; lastKnownFileType = sourcecode.swift; path = SpeedReaderTests.swift; sourceTree = "<group>"; };
/* End PBXFileReference section */

/* Begin PBXFrameworksBuildPhase section */
		D86853F4294F516400BBDF46 /* Frameworks */ = {
			isa = PBXFrameworksBuildPhase;
			buildActionMask = 2147483647;
			files = (
			);
			runOnlyForDeploymentPostprocessing = 0;
		};
		D893E21C2A037B36008198FC /* Frameworks */ = {
			isa = PBXFrameworksBuildPhase;
			buildActionMask = 2147483647;
			files = (
			);
			runOnlyForDeploymentPostprocessing = 0;
		};
/* End PBXFrameworksBuildPhase section */

/* Begin PBXGroup section */
		D86853EE294F516400BBDF46 = {
			isa = PBXGroup;
			children = (
				D893E2092A0373CF008198FC /* README.md */,
				D86853F9294F516400BBDF46 /* SpeedReader */,
				D893E2202A037B36008198FC /* SpeedReaderTests */,
				D86853F8294F516400BBDF46 /* Products */,
			);
			sourceTree = "<group>";
		};
		D86853F8294F516400BBDF46 /* Products */ = {
			isa = PBXGroup;
			children = (
				D86853F7294F516400BBDF46 /* SpeedReader.app */,
				D893E21F2A037B36008198FC /* SpeedReaderTests.xctest */,
			);
			name = Products;
			sourceTree = "<group>";
		};
		D86853F9294F516400BBDF46 /* SpeedReader */ = {
			isa = PBXGroup;
			children = (
				D893E1D82A036945008198FC /* UI */,
				D893E1EE2A03694C008198FC /* Core */,
				D868542A294F80ED00BBDF46 /* Resources */,
				D893E2032A036954008198FC /* Preview Content */,
			);
			path = SpeedReader;
			sourceTree = "<group>";
		};
		D868542A294F80ED00BBDF46 /* Resources */ = {
			isa = PBXGroup;
			children = (
				D8685403294F516500BBDF46 /* Assets.xcassets */,
			);
			path = Resources;
			sourceTree = "<group>";
		};
		D893E1D82A036945008198FC /* UI */ = {
			isa = PBXGroup;
			children = (
				D893E1D92A036945008198FC /* ViewModels */,
				D893E1DB2A036945008198FC /* Views */,
			);
			path = UI;
			sourceTree = "<group>";
		};
		D893E1D92A036945008198FC /* ViewModels */ = {
			isa = PBXGroup;
			children = (
				D893E1DA2A036945008198FC /* BasicPageViewModel.swift */,
			);
			path = ViewModels;
			sourceTree = "<group>";
		};
		D893E1DB2A036945008198FC /* Views */ = {
			isa = PBXGroup;
			children = (
				D893E1DC2A036945008198FC /* LibraryView */,
				D893E1DF2A036945008198FC /* InnerViews */,
				D893E1E32A036945008198FC /* ExplorerView */,
			);
			path = Views;
			sourceTree = "<group>";
		};
		D893E1DC2A036945008198FC /* LibraryView */ = {
			isa = PBXGroup;
			children = (
				D893E1DD2A036945008198FC /* LibraryViewModel.swift */,
				D893E1DE2A036945008198FC /* LibraryView.swift */,
			);
			path = LibraryView;
			sourceTree = "<group>";
		};
		D893E1DF2A036945008198FC /* InnerViews */ = {
			isa = PBXGroup;
			children = (
				D893E1E02A036945008198FC /* SecondPageView.swift */,
				D893E1E12A036945008198FC /* FullScreenCoverView.swift */,
				D893E1E22A036945008198FC /* PageView.swift */,
			);
			path = InnerViews;
			sourceTree = "<group>";
		};
		D893E1E32A036945008198FC /* ExplorerView */ = {
			isa = PBXGroup;
			children = (
				D893E1E42A036945008198FC /* ExplorerViewModel.swift */,
				D893E1E52A036945008198FC /* ExplorerView.swift */,
			);
			path = ExplorerView;
			sourceTree = "<group>";
		};
		D893E1EE2A03694C008198FC /* Core */ = {
			isa = PBXGroup;
			children = (
				D893E1EF2A03694C008198FC /* Coordinator */,
				D893E1F52A03694C008198FC /* DI */,
				D893E1F92A03694C008198FC /* CoordinatorTestApp.swift */,
				D893E2082A036E29008198FC /* Models */,
			);
			path = Core;
			sourceTree = "<group>";
		};
		D893E1EF2A03694C008198FC /* Coordinator */ = {
			isa = PBXGroup;
			children = (
				D893E1F02A03694C008198FC /* CoordinatorView.swift */,
				D893E1F12A03694C008198FC /* CoordinatorNavigationProtocol.swift */,
				D893E1F22A03694C008198FC /* PageTypes.swift */,
				D893E1F32A03694C008198FC /* Router.swift */,
				D893E1F42A03694C008198FC /* CoordinatorObject.swift */,
			);
			path = Coordinator;
			sourceTree = "<group>";
		};
		D893E1F52A03694C008198FC /* DI */ = {
			isa = PBXGroup;
			children = (
				D893E1F62A03694C008198FC /* Subscripts.swift */,
				D893E1F72A03694C008198FC /* DIContainer.swift */,
				D893E1F82A03694C008198FC /* MainAssembly.swift */,
			);
			path = DI;
			sourceTree = "<group>";
		};
		D893E2032A036954008198FC /* Preview Content */ = {
			isa = PBXGroup;
			children = (
				D893E2042A036954008198FC /* Preview Assets.xcassets */,
			);
			path = "Preview Content";
			sourceTree = "<group>";
		};
		D893E2082A036E29008198FC /* Models */ = {
			isa = PBXGroup;
			children = (
				D893E2062A036E25008198FC /* TabModel.swift */,
			);
			path = Models;
			sourceTree = "<group>";
		};
		D893E2202A037B36008198FC /* SpeedReaderTests */ = {
			isa = PBXGroup;
			children = (
				D893E2102A037443008198FC /* RouterTests.swift */,
				D893E2212A037B36008198FC /* SpeedReaderTests.swift */,
			);
			path = SpeedReaderTests;
			sourceTree = "<group>";
		};
/* End PBXGroup section */

/* Begin PBXNativeTarget section */
		D86853F6294F516400BBDF46 /* SpeedReader */ = {
			isa = PBXNativeTarget;
			buildConfigurationList = D8685421294F516500BBDF46 /* Build configuration list for PBXNativeTarget "SpeedReader" */;
			buildPhases = (
				D86853F3294F516400BBDF46 /* Sources */,
				D86853F4294F516400BBDF46 /* Frameworks */,
				D86853F5294F516400BBDF46 /* Resources */,
			);
			buildRules = (
			);
			dependencies = (
			);
			name = SpeedReader;
			productName = SpeedReader;
			productReference = D86853F7294F516400BBDF46 /* SpeedReader.app */;
			productType = "com.apple.product-type.application";
		};
		D893E21E2A037B36008198FC /* SpeedReaderTests */ = {
			isa = PBXNativeTarget;
			buildConfigurationList = D893E2252A037B36008198FC /* Build configuration list for PBXNativeTarget "SpeedReaderTests" */;
			buildPhases = (
				D893E21B2A037B36008198FC /* Sources */,
				D893E21C2A037B36008198FC /* Frameworks */,
				D893E21D2A037B36008198FC /* Resources */,
			);
			buildRules = (
			);
			dependencies = (
				D893E2242A037B36008198FC /* PBXTargetDependency */,
			);
			name = SpeedReaderTests;
			productName = SpeedReaderTests;
			productReference = D893E21F2A037B36008198FC /* SpeedReaderTests.xctest */;
			productType = "com.apple.product-type.bundle.unit-test";
		};
/* End PBXNativeTarget section */

/* Begin PBXProject section */
		D86853EF294F516400BBDF46 /* Project object */ = {
			isa = PBXProject;
			attributes = {
				BuildIndependentTargetsInParallel = 1;
				LastSwiftUpdateCheck = 1420;
				LastUpgradeCheck = 1420;
				TargetAttributes = {
					D86853F6294F516400BBDF46 = {
						CreatedOnToolsVersion = 14.2;
					};
					D893E21E2A037B36008198FC = {
						CreatedOnToolsVersion = 14.2;
						TestTargetID = D86853F6294F516400BBDF46;
					};
				};
			};
			buildConfigurationList = D86853F2294F516400BBDF46 /* Build configuration list for PBXProject "SpeedReader" */;
			compatibilityVersion = "Xcode 14.0";
			developmentRegion = en;
			hasScannedForEncodings = 0;
			knownRegions = (
				en,
				Base,
			);
			mainGroup = D86853EE294F516400BBDF46;
			productRefGroup = D86853F8294F516400BBDF46 /* Products */;
			projectDirPath = "";
			projectRoot = "";
			targets = (
				D86853F6294F516400BBDF46 /* SpeedReader */,
				D893E21E2A037B36008198FC /* SpeedReaderTests */,
			);
		};
/* End PBXProject section */

/* Begin PBXResourcesBuildPhase section */
		D86853F5294F516400BBDF46 /* Resources */ = {
			isa = PBXResourcesBuildPhase;
			buildActionMask = 2147483647;
			files = (
				D893E2052A036954008198FC /* Preview Assets.xcassets in Resources */,
				D8685404294F516500BBDF46 /* Assets.xcassets in Resources */,
			);
			runOnlyForDeploymentPostprocessing = 0;
		};
		D893E21D2A037B36008198FC /* Resources */ = {
			isa = PBXResourcesBuildPhase;
			buildActionMask = 2147483647;
			files = (
			);
			runOnlyForDeploymentPostprocessing = 0;
		};
/* End PBXResourcesBuildPhase section */

/* Begin PBXSourcesBuildPhase section */
		D86853F3294F516400BBDF46 /* Sources */ = {
			isa = PBXSourcesBuildPhase;
			buildActionMask = 2147483647;
			files = (
				D893E1E72A036945008198FC /* LibraryViewModel.swift in Sources */,
				D893E1FA2A03694C008198FC /* CoordinatorView.swift in Sources */,
				D893E2012A03694C008198FC /* MainAssembly.swift in Sources */,
				D893E1ED2A036945008198FC /* ExplorerView.swift in Sources */,
				D893E2022A03694C008198FC /* CoordinatorTestApp.swift in Sources */,
				D893E1EB2A036945008198FC /* PageView.swift in Sources */,
				D893E1FD2A03694C008198FC /* Router.swift in Sources */,
				D893E1FE2A03694C008198FC /* CoordinatorObject.swift in Sources */,
				D893E1E82A036945008198FC /* LibraryView.swift in Sources */,
				D893E2072A036E25008198FC /* TabModel.swift in Sources */,
				D893E2002A03694C008198FC /* DIContainer.swift in Sources */,
				D893E1EC2A036945008198FC /* ExplorerViewModel.swift in Sources */,
				D893E1FB2A03694C008198FC /* CoordinatorNavigationProtocol.swift in Sources */,
				D893E1FF2A03694C008198FC /* Subscripts.swift in Sources */,
				D893E1EA2A036945008198FC /* FullScreenCoverView.swift in Sources */,
				D893E1FC2A03694C008198FC /* PageTypes.swift in Sources */,
				D893E1E62A036945008198FC /* BasicPageViewModel.swift in Sources */,
				D893E1E92A036945008198FC /* SecondPageView.swift in Sources */,
			);
			runOnlyForDeploymentPostprocessing = 0;
		};
		D893E21B2A037B36008198FC /* Sources */ = {
			isa = PBXSourcesBuildPhase;
			buildActionMask = 2147483647;
			files = (
				D893E2282A037B40008198FC /* RouterTests.swift in Sources */,
				D893E2222A037B36008198FC /* SpeedReaderTests.swift in Sources */,
			);
			runOnlyForDeploymentPostprocessing = 0;
		};
/* End PBXSourcesBuildPhase section */

/* Begin PBXTargetDependency section */
		D893E2242A037B36008198FC /* PBXTargetDependency */ = {
			isa = PBXTargetDependency;
			target = D86853F6294F516400BBDF46 /* SpeedReader */;
			targetProxy = D893E2232A037B36008198FC /* PBXContainerItemProxy */;
		};
/* End PBXTargetDependency section */

/* Begin XCBuildConfiguration section */
		D868541F294F516500BBDF46 /* Debug */ = {
			isa = XCBuildConfiguration;
			buildSettings = {
				ALWAYS_SEARCH_USER_PATHS = NO;
				CLANG_ANALYZER_NONNULL = YES;
				CLANG_ANALYZER_NUMBER_OBJECT_CONVERSION = YES_AGGRESSIVE;
				CLANG_CXX_LANGUAGE_STANDARD = "gnu++20";
				CLANG_ENABLE_MODULES = YES;
				CLANG_ENABLE_OBJC_ARC = YES;
				CLANG_ENABLE_OBJC_WEAK = YES;
				CLANG_WARN_BLOCK_CAPTURE_AUTORELEASING = YES;
				CLANG_WARN_BOOL_CONVERSION = YES;
				CLANG_WARN_COMMA = YES;
				CLANG_WARN_CONSTANT_CONVERSION = YES;
				CLANG_WARN_DEPRECATED_OBJC_IMPLEMENTATIONS = YES;
				CLANG_WARN_DIRECT_OBJC_ISA_USAGE = YES_ERROR;
				CLANG_WARN_DOCUMENTATION_COMMENTS = YES;
				CLANG_WARN_EMPTY_BODY = YES;
				CLANG_WARN_ENUM_CONVERSION = YES;
				CLANG_WARN_INFINITE_RECURSION = YES;
				CLANG_WARN_INT_CONVERSION = YES;
				CLANG_WARN_NON_LITERAL_NULL_CONVERSION = YES;
				CLANG_WARN_OBJC_IMPLICIT_RETAIN_SELF = YES;
				CLANG_WARN_OBJC_LITERAL_CONVERSION = YES;
				CLANG_WARN_OBJC_ROOT_CLASS = YES_ERROR;
				CLANG_WARN_QUOTED_INCLUDE_IN_FRAMEWORK_HEADER = YES;
				CLANG_WARN_RANGE_LOOP_ANALYSIS = YES;
				CLANG_WARN_STRICT_PROTOTYPES = YES;
				CLANG_WARN_SUSPICIOUS_MOVE = YES;
				CLANG_WARN_UNGUARDED_AVAILABILITY = YES_AGGRESSIVE;
				CLANG_WARN_UNREACHABLE_CODE = YES;
				CLANG_WARN__DUPLICATE_METHOD_MATCH = YES;
				COPY_PHASE_STRIP = NO;
				DEBUG_INFORMATION_FORMAT = dwarf;
				ENABLE_STRICT_OBJC_MSGSEND = YES;
				ENABLE_TESTABILITY = YES;
				GCC_C_LANGUAGE_STANDARD = gnu11;
				GCC_DYNAMIC_NO_PIC = NO;
				GCC_NO_COMMON_BLOCKS = YES;
				GCC_OPTIMIZATION_LEVEL = 0;
				GCC_PREPROCESSOR_DEFINITIONS = (
					"DEBUG=1",
					"$(inherited)",
				);
				GCC_WARN_64_TO_32_BIT_CONVERSION = YES;
				GCC_WARN_ABOUT_RETURN_TYPE = YES_ERROR;
				GCC_WARN_UNDECLARED_SELECTOR = YES;
				GCC_WARN_UNINITIALIZED_AUTOS = YES_AGGRESSIVE;
				GCC_WARN_UNUSED_FUNCTION = YES;
				GCC_WARN_UNUSED_VARIABLE = YES;
				INFOPLIST_FILE = SpeedReader/App/Info.plist;
				IPHONEOS_DEPLOYMENT_TARGET = 16.2;
				MTL_ENABLE_DEBUG_INFO = INCLUDE_SOURCE;
				MTL_FAST_MATH = YES;
				ONLY_ACTIVE_ARCH = YES;
				SDKROOT = iphoneos;
				SWIFT_ACTIVE_COMPILATION_CONDITIONS = DEBUG;
				SWIFT_OPTIMIZATION_LEVEL = "-Onone";
			};
			name = Debug;
		};
		D8685420294F516500BBDF46 /* Release */ = {
			isa = XCBuildConfiguration;
			buildSettings = {
				ALWAYS_SEARCH_USER_PATHS = NO;
				CLANG_ANALYZER_NONNULL = YES;
				CLANG_ANALYZER_NUMBER_OBJECT_CONVERSION = YES_AGGRESSIVE;
				CLANG_CXX_LANGUAGE_STANDARD = "gnu++20";
				CLANG_ENABLE_MODULES = YES;
				CLANG_ENABLE_OBJC_ARC = YES;
				CLANG_ENABLE_OBJC_WEAK = YES;
				CLANG_WARN_BLOCK_CAPTURE_AUTORELEASING = YES;
				CLANG_WARN_BOOL_CONVERSION = YES;
				CLANG_WARN_COMMA = YES;
				CLANG_WARN_CONSTANT_CONVERSION = YES;
				CLANG_WARN_DEPRECATED_OBJC_IMPLEMENTATIONS = YES;
				CLANG_WARN_DIRECT_OBJC_ISA_USAGE = YES_ERROR;
				CLANG_WARN_DOCUMENTATION_COMMENTS = YES;
				CLANG_WARN_EMPTY_BODY = YES;
				CLANG_WARN_ENUM_CONVERSION = YES;
				CLANG_WARN_INFINITE_RECURSION = YES;
				CLANG_WARN_INT_CONVERSION = YES;
				CLANG_WARN_NON_LITERAL_NULL_CONVERSION = YES;
				CLANG_WARN_OBJC_IMPLICIT_RETAIN_SELF = YES;
				CLANG_WARN_OBJC_LITERAL_CONVERSION = YES;
				CLANG_WARN_OBJC_ROOT_CLASS = YES_ERROR;
				CLANG_WARN_QUOTED_INCLUDE_IN_FRAMEWORK_HEADER = YES;
				CLANG_WARN_RANGE_LOOP_ANALYSIS = YES;
				CLANG_WARN_STRICT_PROTOTYPES = YES;
				CLANG_WARN_SUSPICIOUS_MOVE = YES;
				CLANG_WARN_UNGUARDED_AVAILABILITY = YES_AGGRESSIVE;
				CLANG_WARN_UNREACHABLE_CODE = YES;
				CLANG_WARN__DUPLICATE_METHOD_MATCH = YES;
				COPY_PHASE_STRIP = NO;
				DEBUG_INFORMATION_FORMAT = "dwarf-with-dsym";
				ENABLE_NS_ASSERTIONS = NO;
				ENABLE_STRICT_OBJC_MSGSEND = YES;
				GCC_C_LANGUAGE_STANDARD = gnu11;
				GCC_NO_COMMON_BLOCKS = YES;
				GCC_WARN_64_TO_32_BIT_CONVERSION = YES;
				GCC_WARN_ABOUT_RETURN_TYPE = YES_ERROR;
				GCC_WARN_UNDECLARED_SELECTOR = YES;
				GCC_WARN_UNINITIALIZED_AUTOS = YES_AGGRESSIVE;
				GCC_WARN_UNUSED_FUNCTION = YES;
				GCC_WARN_UNUSED_VARIABLE = YES;
				INFOPLIST_FILE = SpeedReader/App/Info.plist;
				IPHONEOS_DEPLOYMENT_TARGET = 16.2;
				MTL_ENABLE_DEBUG_INFO = NO;
				MTL_FAST_MATH = YES;
				SDKROOT = iphoneos;
				SWIFT_COMPILATION_MODE = wholemodule;
				SWIFT_OPTIMIZATION_LEVEL = "-O";
				VALIDATE_PRODUCT = YES;
			};
			name = Release;
		};
		D8685422294F516500BBDF46 /* Debug */ = {
			isa = XCBuildConfiguration;
			buildSettings = {
				ASSETCATALOG_COMPILER_APPICON_NAME = AppIcon;
				ASSETCATALOG_COMPILER_GLOBAL_ACCENT_COLOR_NAME = AccentColor;
				CODE_SIGN_STYLE = Automatic;
				CURRENT_PROJECT_VERSION = 1;
				DEVELOPMENT_TEAM = MZ839TWKQT;
				GENERATE_INFOPLIST_FILE = YES;
				INFOPLIST_FILE = "";
				INFOPLIST_KEY_UIApplicationSupportsIndirectInputEvents = YES;
				INFOPLIST_KEY_UILaunchStoryboardName = LaunchScreen;
				INFOPLIST_KEY_UIMainStoryboardFile = "";
				INFOPLIST_KEY_UISupportedInterfaceOrientations_iPad = "UIInterfaceOrientationPortrait UIInterfaceOrientationPortraitUpsideDown UIInterfaceOrientationLandscapeLeft UIInterfaceOrientationLandscapeRight";
				INFOPLIST_KEY_UISupportedInterfaceOrientations_iPhone = "UIInterfaceOrientationPortrait UIInterfaceOrientationLandscapeLeft UIInterfaceOrientationLandscapeRight";
				IPHONEOS_DEPLOYMENT_TARGET = 16.2;
				LD_RUNPATH_SEARCH_PATHS = (
					"$(inherited)",
					"@executable_path/Frameworks",
				);
				MARKETING_VERSION = 1.0;
				PRODUCT_BUNDLE_IDENTIFIER = petermorris.SpeedReader;
				PRODUCT_NAME = "$(TARGET_NAME)";
				SWIFT_EMIT_LOC_STRINGS = YES;
				SWIFT_VERSION = 5.0;
				TARGETED_DEVICE_FAMILY = "1,2";
			};
			name = Debug;
		};
		D8685423294F516500BBDF46 /* Release */ = {
			isa = XCBuildConfiguration;
			buildSettings = {
				ASSETCATALOG_COMPILER_APPICON_NAME = AppIcon;
				ASSETCATALOG_COMPILER_GLOBAL_ACCENT_COLOR_NAME = AccentColor;
				CODE_SIGN_STYLE = Automatic;
				CURRENT_PROJECT_VERSION = 1;
				DEVELOPMENT_TEAM = MZ839TWKQT;
				GENERATE_INFOPLIST_FILE = YES;
				INFOPLIST_FILE = "";
				INFOPLIST_KEY_UIApplicationSupportsIndirectInputEvents = YES;
				INFOPLIST_KEY_UILaunchStoryboardName = LaunchScreen;
				INFOPLIST_KEY_UIMainStoryboardFile = "";
				INFOPLIST_KEY_UISupportedInterfaceOrientations_iPad = "UIInterfaceOrientationPortrait UIInterfaceOrientationPortraitUpsideDown UIInterfaceOrientationLandscapeLeft UIInterfaceOrientationLandscapeRight";
				INFOPLIST_KEY_UISupportedInterfaceOrientations_iPhone = "UIInterfaceOrientationPortrait UIInterfaceOrientationLandscapeLeft UIInterfaceOrientationLandscapeRight";
				IPHONEOS_DEPLOYMENT_TARGET = 16.2;
				LD_RUNPATH_SEARCH_PATHS = (
					"$(inherited)",
					"@executable_path/Frameworks",
				);
				MARKETING_VERSION = 1.0;
				PRODUCT_BUNDLE_IDENTIFIER = petermorris.SpeedReader;
				PRODUCT_NAME = "$(TARGET_NAME)";
				SWIFT_EMIT_LOC_STRINGS = YES;
				SWIFT_VERSION = 5.0;
				TARGETED_DEVICE_FAMILY = "1,2";
			};
			name = Release;
		};
		D893E2262A037B36008198FC /* Debug */ = {
			isa = XCBuildConfiguration;
			buildSettings = {
				BUNDLE_LOADER = "$(TEST_HOST)";
				CODE_SIGN_STYLE = Automatic;
				CURRENT_PROJECT_VERSION = 1;
				DEVELOPMENT_TEAM = MZ839TWKQT;
				GENERATE_INFOPLIST_FILE = YES;
				INFOPLIST_FILE = "";
				MARKETING_VERSION = 1.0;
				PRODUCT_BUNDLE_IDENTIFIER = petermorris.SpeedReaderTests;
				PRODUCT_NAME = "$(TARGET_NAME)";
				SWIFT_EMIT_LOC_STRINGS = NO;
				SWIFT_VERSION = 5.0;
				TARGETED_DEVICE_FAMILY = "1,2";
				TEST_HOST = "$(BUILT_PRODUCTS_DIR)/SpeedReader.app/$(BUNDLE_EXECUTABLE_FOLDER_PATH)/SpeedReader";
			};
			name = Debug;
		};
		D893E2272A037B36008198FC /* Release */ = {
			isa = XCBuildConfiguration;
			buildSettings = {
				BUNDLE_LOADER = "$(TEST_HOST)";
				CODE_SIGN_STYLE = Automatic;
				CURRENT_PROJECT_VERSION = 1;
				DEVELOPMENT_TEAM = MZ839TWKQT;
				GENERATE_INFOPLIST_FILE = YES;
				INFOPLIST_FILE = "";
				MARKETING_VERSION = 1.0;
				PRODUCT_BUNDLE_IDENTIFIER = petermorris.SpeedReaderTests;
				PRODUCT_NAME = "$(TARGET_NAME)";
				SWIFT_EMIT_LOC_STRINGS = NO;
				SWIFT_VERSION = 5.0;
				TARGETED_DEVICE_FAMILY = "1,2";
				TEST_HOST = "$(BUILT_PRODUCTS_DIR)/SpeedReader.app/$(BUNDLE_EXECUTABLE_FOLDER_PATH)/SpeedReader";
			};
			name = Release;
		};
/* End XCBuildConfiguration section */

/* Begin XCConfigurationList section */
		D86853F2294F516400BBDF46 /* Build configuration list for PBXProject "SpeedReader" */ = {
			isa = XCConfigurationList;
			buildConfigurations = (
				D868541F294F516500BBDF46 /* Debug */,
				D8685420294F516500BBDF46 /* Release */,
			);
			defaultConfigurationIsVisible = 0;
			defaultConfigurationName = Release;
		};
		D8685421294F516500BBDF46 /* Build configuration list for PBXNativeTarget "SpeedReader" */ = {
			isa = XCConfigurationList;
			buildConfigurations = (
				D8685422294F516500BBDF46 /* Debug */,
				D8685423294F516500BBDF46 /* Release */,
			);
			defaultConfigurationIsVisible = 0;
			defaultConfigurationName = Release;
		};
		D893E2252A037B36008198FC /* Build configuration list for PBXNativeTarget "SpeedReaderTests" */ = {
			isa = XCConfigurationList;
			buildConfigurations = (
				D893E2262A037B36008198FC /* Debug */,
				D893E2272A037B36008198FC /* Release */,
			);
			defaultConfigurationIsVisible = 0;
			defaultConfigurationName = Release;
		};
/* End XCConfigurationList section */
	};
	rootObject = D86853EF294F516400BBDF46 /* Project object */;
}
